lockfileVersion: '6.1'

settings:
  autoInstallPeers: true
  excludeLinksFromLockfile: false

dependencies:
  commander:
    specifier: ^11.0.0
    version: 11.0.0
  untildify-commonjs:
    specifier: ^1.0.2
    version: 1.0.2

packages:

  /commander@11.0.0:
    resolution: {integrity: sha512-9HMlXtt/BNoYr8ooyjjNRdIilOTkVJXB+GhxMTtOKwk0R4j4lS4NpjuqmRxroBfnfTSHQIHQB7wryHhXarNjmQ==}
    engines: {node: '>=16'}
    dev: false

  /untildify-commonjs@1.0.2:
    resolution: {integrity: sha512-pHa1jFg8H9sR77gVPInS2+Qe3tpb5j1HP0tbgO+AEbF36DNXHV8D82sFAsqJM32Jvw0K6A42nOjqVZ2XiPHFnQ==}
    dev: false
