lockfileVersion: '6.0'

settings:
  autoInstallPeers: true
  excludeLinksFromLockfile: false

dependencies:
  commander:
    specifier: ^11.0.0
    version: 11.0.0

packages:

  /commander@11.0.0:
    resolution: {integrity: sha512-9HMlXtt/BNoYr8ooyjjNRdIilOTkVJXB+GhxMTtOKwk0R4j4lS4NpjuqmRxroBfnfTSHQIHQB7wryHhXarNjmQ==}
    engines: {node: '>=16'}
    dev: false
