lockfileVersion: '6.0'

settings:
  autoInstallPeers: true
  excludeLinksFromLockfile: false

dependencies:
  commander:
    specifier: ^11.0.0
    version: 11.0.0
  untildify:
    specifier: ^5.0.0
    version: 5.0.0

packages:

  /commander@11.0.0:
    resolution: {integrity: sha512-9HMlXtt/BNoYr8ooyjjNRdIilOTkVJXB+GhxMTtOKwk0R4j4lS4NpjuqmRxroBfnfTSHQIHQB7wryHhXarNjmQ==}
    engines: {node: '>=16'}
    dev: false

  /untildify@5.0.0:
    resolution: {integrity: sha512-bOgQLUnd2G5rhzaTvh1VCI9Fo6bC5cLTpH17T5aFfamyXFYDbbdzN6IXdeoc3jBS7T9hNTmJtYUzJCJ2Xlc9gA==}
    engines: {node: '>=16'}
    dev: false
